
Microsoft Visual Studio Solution File, Format Version 12.00
# Visual Studio Version 16
VisualStudioVersion = 16.0.31702.278
MinimumVisualStudioVersion = 10.0.40219.1
Project("{FAE04EC0-301F-11D3-BF4B-00C04F79EFBC}") = "homework10", "homework10\homework10.csproj", "{D89A229A-7F56-46AE-BC3E-EB15D9893191}"
EndProject
Global
	GlobalSection(SolutionConfigurationPlatforms) = preSolution
		Debug|Any CPU = Debug|Any CPU
		Release|Any CPU = Release|Any CPU
	EndGlobalSection
	GlobalSection(ProjectConfigurationPlatforms) = postSolution
		{D89A229A-7F56-46AE-BC3E-EB15D9893191}.Debug|Any CPU.ActiveCfg = Debug|Any CPU
		{D89A229A-7F56-46AE-BC3E-EB15D9893191}.Debug|Any CPU.Build.0 = Debug|Any CPU
		{D89A229A-7F56-46AE-BC3E-EB15D9893191}.Release|Any CPU.ActiveCfg = Release|Any CPU
		{D89A229A-7F56-46AE-BC3E-EB15D9893191}.Release|Any CPU.Build.0 = Release|Any CPU
	EndGlobalSection
	GlobalSection(SolutionProperties) = preSolution
		HideSolutionNode = FALSE
	EndGlobalSection
	GlobalSection(ExtensibilityGlobals) = postSolution
		SolutionGuid = {80ED7DF9-653D-40E5-AF30-2D155D4FDBA4}
	EndGlobalSection
EndGlobal
